
Microsoft Visual Studio Solution File, Format Version 12.00
# Visual Studio 2012
Project("{2150E333-8FDC-42A3-9474-1A3956D46DE8}") = "Create", "Create", "{3CD8D84E-8748-499B-A55F-6794A5FD5D4E}"
EndProject
Project("{2150E333-8FDC-42A3-9474-1A3956D46DE8}") = "Manage", "Manage", "{F1F469A2-345A-4504-8259-F0D6629FCBBD}"
EndProject
Project("{2150E333-8FDC-42A3-9474-1A3956D46DE8}") = "Report", "Report", "{75D40778-72CD-4F9E-BFB0-04A0C62DDABE}"
EndProject
Project("{FAE04EC0-301F-11D3-BF4B-00C04F79EFBC}") = "excel_create", "excel_create\excel_create\excel_create.csproj", "{3D29D148-1585-45D2-82AC-320A0441E6C8}"
EndProject
Project("{FAE04EC0-301F-11D3-BF4B-00C04F79EFBC}") = "manage", "manage\manage\manage.csproj", "{CC77B485-6BC6-47F0-A3EA-718F1D1208B2}"
EndProject
Project("{FAE04EC0-301F-11D3-BF4B-00C04F79EFBC}") = "excel_report", "excel_report\excel_report\excel_report.csproj", "{C922F615-D5BE-49ED-8B1B-2F97DF533585}"
EndProject
Project("{2150E333-8FDC-42A3-9474-1A3956D46DE8}") = "Common", "Common", "{346ABF69-20F3-4954-B10A-24650E1E928F}"
EndProject
Project("{FAE04EC0-301F-11D3-BF4B-00C04F79EFBC}") = "Common", "Common\Common.csproj", "{E5C7A894-8744-4EDD-B6D9-987A9B0DB4A4}"
EndProject
Global
	GlobalSection(SolutionConfigurationPlatforms) = preSolution
		Debug|Any CPU = Debug|Any CPU
		Release|Any CPU = Release|Any CPU
	EndGlobalSection
	GlobalSection(ProjectConfigurationPlatforms) = postSolution
		{3D29D148-1585-45D2-82AC-320A0441E6C8}.Debug|Any CPU.ActiveCfg = Debug|Any CPU
		{3D29D148-1585-45D2-82AC-320A0441E6C8}.Release|Any CPU.ActiveCfg = Release|Any CPU
		{3D29D148-1585-45D2-82AC-320A0441E6C8}.Release|Any CPU.Build.0 = Release|Any CPU
		{CC77B485-6BC6-47F0-A3EA-718F1D1208B2}.Debug|Any CPU.ActiveCfg = Debug|Any CPU
		{CC77B485-6BC6-47F0-A3EA-718F1D1208B2}.Release|Any CPU.ActiveCfg = Release|Any CPU
		{CC77B485-6BC6-47F0-A3EA-718F1D1208B2}.Release|Any CPU.Build.0 = Release|Any CPU
		{C922F615-D5BE-49ED-8B1B-2F97DF533585}.Debug|Any CPU.ActiveCfg = Debug|Any CPU
		{C922F615-D5BE-49ED-8B1B-2F97DF533585}.Release|Any CPU.ActiveCfg = Release|Any CPU
		{C922F615-D5BE-49ED-8B1B-2F97DF533585}.Release|Any CPU.Build.0 = Release|Any CPU
		{E5C7A894-8744-4EDD-B6D9-987A9B0DB4A4}.Debug|Any CPU.ActiveCfg = Debug|Any CPU
		{E5C7A894-8744-4EDD-B6D9-987A9B0DB4A4}.Release|Any CPU.ActiveCfg = Release|Any CPU
		{E5C7A894-8744-4EDD-B6D9-987A9B0DB4A4}.Release|Any CPU.Build.0 = Release|Any CPU
	EndGlobalSection
	GlobalSection(SolutionProperties) = preSolution
		HideSolutionNode = FALSE
	EndGlobalSection
	GlobalSection(NestedProjects) = preSolution
		{3D29D148-1585-45D2-82AC-320A0441E6C8} = {3CD8D84E-8748-499B-A55F-6794A5FD5D4E}
		{CC77B485-6BC6-47F0-A3EA-718F1D1208B2} = {F1F469A2-345A-4504-8259-F0D6629FCBBD}
		{C922F615-D5BE-49ED-8B1B-2F97DF533585} = {75D40778-72CD-4F9E-BFB0-04A0C62DDABE}
		{E5C7A894-8744-4EDD-B6D9-987A9B0DB4A4} = {346ABF69-20F3-4954-B10A-24650E1E928F}
	EndGlobalSection
EndGlobal
