
Microsoft Visual Studio Solution File, Format Version 12.00
# Visual Studio 2012
Project("{2150E333-8FDC-42A3-9474-1A3956D46DE8}") = "Create", "Create", "{3CD8D84E-8748-499B-A55F-6794A5FD5D4E}"
EndProject
Project("{2150E333-8FDC-42A3-9474-1A3956D46DE8}") = "Manage", "Manage", "{F1F469A2-345A-4504-8259-F0D6629FCBBD}"
EndProject
Project("{2150E333-8FDC-42A3-9474-1A3956D46DE8}") = "Report", "Report", "{75D40778-72CD-4F9E-BFB0-04A0C62DDABE}"
EndProject
Project("{FAE04EC0-301F-11D3-BF4B-00C04F79EFBC}") = "excel_create", "excel_create\excel_create\excel_create.csproj", "{3D29D148-1585-45D2-82AC-320A0441E6C8}"
EndProject
Project("{FAE04EC0-301F-11D3-BF4B-00C04F79EFBC}") = "excel_create.Web", "excel_create\excel_create.Web\excel_create.Web.csproj", "{9B1F68E0-4DB8-4D77-80A2-929593140081}"
EndProject
Project("{FAE04EC0-301F-11D3-BF4B-00C04F79EFBC}") = "manage", "manage\manage\manage.csproj", "{CC77B485-6BC6-47F0-A3EA-718F1D1208B2}"
EndProject
Project("{FAE04EC0-301F-11D3-BF4B-00C04F79EFBC}") = "manage.Web", "manage\manage.Web\manage.Web.csproj", "{D94B4C1F-C4DD-4976-87FF-2D289D9B2FAF}"
EndProject
Project("{FAE04EC0-301F-11D3-BF4B-00C04F79EFBC}") = "excel_report", "excel_report\excel_report\excel_report.csproj", "{C922F615-D5BE-49ED-8B1B-2F97DF533585}"
EndProject
Project("{FAE04EC0-301F-11D3-BF4B-00C04F79EFBC}") = "excel_report.Web", "excel_report\excel_report.Web\excel_report.Web.csproj", "{5DAE16C2-30C3-47DD-BC96-21CC1CACEA30}"
EndProject
Global
	GlobalSection(SolutionConfigurationPlatforms) = preSolution
		Debug|Any CPU = Debug|Any CPU
		Release|Any CPU = Release|Any CPU
	EndGlobalSection
	GlobalSection(ProjectConfigurationPlatforms) = postSolution
		{3D29D148-1585-45D2-82AC-320A0441E6C8}.Debug|Any CPU.ActiveCfg = Debug|Any CPU
		{3D29D148-1585-45D2-82AC-320A0441E6C8}.Debug|Any CPU.Build.0 = Debug|Any CPU
		{3D29D148-1585-45D2-82AC-320A0441E6C8}.Release|Any CPU.ActiveCfg = Release|Any CPU
		{3D29D148-1585-45D2-82AC-320A0441E6C8}.Release|Any CPU.Build.0 = Release|Any CPU
		{9B1F68E0-4DB8-4D77-80A2-929593140081}.Debug|Any CPU.ActiveCfg = Debug|Any CPU
		{9B1F68E0-4DB8-4D77-80A2-929593140081}.Debug|Any CPU.Build.0 = Debug|Any CPU
		{9B1F68E0-4DB8-4D77-80A2-929593140081}.Release|Any CPU.ActiveCfg = Release|Any CPU
		{9B1F68E0-4DB8-4D77-80A2-929593140081}.Release|Any CPU.Build.0 = Release|Any CPU
		{CC77B485-6BC6-47F0-A3EA-718F1D1208B2}.Debug|Any CPU.ActiveCfg = Debug|Any CPU
		{CC77B485-6BC6-47F0-A3EA-718F1D1208B2}.Debug|Any CPU.Build.0 = Debug|Any CPU
		{CC77B485-6BC6-47F0-A3EA-718F1D1208B2}.Release|Any CPU.ActiveCfg = Release|Any CPU
		{CC77B485-6BC6-47F0-A3EA-718F1D1208B2}.Release|Any CPU.Build.0 = Release|Any CPU
		{D94B4C1F-C4DD-4976-87FF-2D289D9B2FAF}.Debug|Any CPU.ActiveCfg = Debug|Any CPU
		{D94B4C1F-C4DD-4976-87FF-2D289D9B2FAF}.Debug|Any CPU.Build.0 = Debug|Any CPU
		{D94B4C1F-C4DD-4976-87FF-2D289D9B2FAF}.Release|Any CPU.ActiveCfg = Release|Any CPU
		{D94B4C1F-C4DD-4976-87FF-2D289D9B2FAF}.Release|Any CPU.Build.0 = Release|Any CPU
		{C922F615-D5BE-49ED-8B1B-2F97DF533585}.Debug|Any CPU.ActiveCfg = Debug|Any CPU
		{C922F615-D5BE-49ED-8B1B-2F97DF533585}.Debug|Any CPU.Build.0 = Debug|Any CPU
		{C922F615-D5BE-49ED-8B1B-2F97DF533585}.Release|Any CPU.ActiveCfg = Release|Any CPU
		{C922F615-D5BE-49ED-8B1B-2F97DF533585}.Release|Any CPU.Build.0 = Release|Any CPU
		{5DAE16C2-30C3-47DD-BC96-21CC1CACEA30}.Debug|Any CPU.ActiveCfg = Debug|Any CPU
		{5DAE16C2-30C3-47DD-BC96-21CC1CACEA30}.Debug|Any CPU.Build.0 = Debug|Any CPU
		{5DAE16C2-30C3-47DD-BC96-21CC1CACEA30}.Release|Any CPU.ActiveCfg = Release|Any CPU
		{5DAE16C2-30C3-47DD-BC96-21CC1CACEA30}.Release|Any CPU.Build.0 = Release|Any CPU
	EndGlobalSection
	GlobalSection(SolutionProperties) = preSolution
		HideSolutionNode = FALSE
	EndGlobalSection
	GlobalSection(NestedProjects) = preSolution
		{3D29D148-1585-45D2-82AC-320A0441E6C8} = {3CD8D84E-8748-499B-A55F-6794A5FD5D4E}
		{9B1F68E0-4DB8-4D77-80A2-929593140081} = {3CD8D84E-8748-499B-A55F-6794A5FD5D4E}
		{CC77B485-6BC6-47F0-A3EA-718F1D1208B2} = {F1F469A2-345A-4504-8259-F0D6629FCBBD}
		{D94B4C1F-C4DD-4976-87FF-2D289D9B2FAF} = {F1F469A2-345A-4504-8259-F0D6629FCBBD}
		{C922F615-D5BE-49ED-8B1B-2F97DF533585} = {75D40778-72CD-4F9E-BFB0-04A0C62DDABE}
		{5DAE16C2-30C3-47DD-BC96-21CC1CACEA30} = {75D40778-72CD-4F9E-BFB0-04A0C62DDABE}
	EndGlobalSection
EndGlobal
